
Microsoft Visual Studio Solution File, Format Version 12.00
# Visual Studio Version 17
VisualStudioVersion = 17.6.33712.159
MinimumVisualStudioVersion = 10.0.40219.1
Project("{FAE04EC0-301F-11D3-BF4B-00C04F79EFBC}") = "sesion02", "sesion02\sesion02.csproj", "{FD4D2A5C-D0F0-4A7F-9D78-AA973D8531A8}"
EndProject
Global
	GlobalSection(SolutionConfigurationPlatforms) = preSolution
		Debug|Any CPU = Debug|Any CPU
		Release|Any CPU = Release|Any CPU
	EndGlobalSection
	GlobalSection(ProjectConfigurationPlatforms) = postSolution
		{FD4D2A5C-D0F0-4A7F-9D78-AA973D8531A8}.Debug|Any CPU.ActiveCfg = Debug|Any CPU
		{FD4D2A5C-D0F0-4A7F-9D78-AA973D8531A8}.Debug|Any CPU.Build.0 = Debug|Any CPU
		{FD4D2A5C-D0F0-4A7F-9D78-AA973D8531A8}.Release|Any CPU.ActiveCfg = Release|Any CPU
		{FD4D2A5C-D0F0-4A7F-9D78-AA973D8531A8}.Release|Any CPU.Build.0 = Release|Any CPU
	EndGlobalSection
	GlobalSection(SolutionProperties) = preSolution
		HideSolutionNode = FALSE
	EndGlobalSection
	GlobalSection(ExtensibilityGlobals) = postSolution
		SolutionGuid = {FA57FB63-01A4-4B1F-A520-471892D0D96F}
	EndGlobalSection
EndGlobal
